
Microsoft Visual Studio Solution File, Format Version 12.00
# Visual Studio Version 17
VisualStudioVersion = 17.14.36915.13 d17.14
MinimumVisualStudioVersion = 10.0.40219.1
Project("{FAE04EC0-301F-11D3-BF4B-00C04F79EFBC}") = "WAV 音效檔播放器", "WindowsFormsApp2\WAV 音效檔播放器.csproj", "{DD41C19F-66F9-4F5A-B966-1D8F2CDDF17A}"
EndProject
Global
	GlobalSection(SolutionConfigurationPlatforms) = preSolution
		Debug|Any CPU = Debug|Any CPU
		Release|Any CPU = Release|Any CPU
	EndGlobalSection
	GlobalSection(ProjectConfigurationPlatforms) = postSolution
		{DD41C19F-66F9-4F5A-B966-1D8F2CDDF17A}.Debug|Any CPU.ActiveCfg = Debug|Any CPU
		{DD41C19F-66F9-4F5A-B966-1D8F2CDDF17A}.Debug|Any CPU.Build.0 = Debug|Any CPU
		{DD41C19F-66F9-4F5A-B966-1D8F2CDDF17A}.Release|Any CPU.ActiveCfg = Release|Any CPU
		{DD41C19F-66F9-4F5A-B966-1D8F2CDDF17A}.Release|Any CPU.Build.0 = Release|Any CPU
	EndGlobalSection
	GlobalSection(SolutionProperties) = preSolution
		HideSolutionNode = FALSE
	EndGlobalSection
	GlobalSection(ExtensibilityGlobals) = postSolution
		SolutionGuid = {A8C4095C-0AB9-44FE-9738-F1A3BAAFF9A3}
	EndGlobalSection
EndGlobal
